// !$*UTF8*$!
{
	archiveVersion = 1;
	classes = {
	};
	objectVersion = 52;
	objects = {

/* Begin PBXBuildFile section */
		8C47C6341590225B1EE64745 /* Pods_TV_Shows.framework in Frameworks */ = {isa = PBXBuildFile; fileRef = E175CC43FB5284D44362BF3C /* Pods_TV_Shows.framework */; };
		F42E67EA24D96C60003E49A6 /* Endpoint.swift in Sources */ = {isa = PBXBuildFile; fileRef = F42E67E924D96C60003E49A6 /* Endpoint.swift */; };
		F42E67EC24D975CA003E49A6 /* ApiDataProvider.swift in Sources */ = {isa = PBXBuildFile; fileRef = F42E67EB24D975CA003E49A6 /* ApiDataProvider.swift */; };
		F42E67EF24D982C8003E49A6 /* Encodable+Dictionary.swift in Sources */ = {isa = PBXBuildFile; fileRef = F42E67EE24D982C8003E49A6 /* Encodable+Dictionary.swift */; };
		F42E67F224D98353003E49A6 /* ColorKit.swift in Sources */ = {isa = PBXBuildFile; fileRef = F42E67F124D98353003E49A6 /* ColorKit.swift */; };
		F42E67F424D9835D003E49A6 /* FontKit.swift in Sources */ = {isa = PBXBuildFile; fileRef = F42E67F324D9835D003E49A6 /* FontKit.swift */; };
		F42E67F624D98374003E49A6 /* StyleKit.swift in Sources */ = {isa = PBXBuildFile; fileRef = F42E67F524D98374003E49A6 /* StyleKit.swift */; };
		F42E67F824D9837E003E49A6 /* Metrics.swift in Sources */ = {isa = PBXBuildFile; fileRef = F42E67F724D9837E003E49A6 /* Metrics.swift */; };
		F42E67FA24D98D5F003E49A6 /* UIColor+Hex.swift in Sources */ = {isa = PBXBuildFile; fileRef = F42E67F924D98D5F003E49A6 /* UIColor+Hex.swift */; };
		F42E67FD24D9A016003E49A6 /* CoordinatorType.swift in Sources */ = {isa = PBXBuildFile; fileRef = F42E67FC24D9A016003E49A6 /* CoordinatorType.swift */; };
		F42E67FF24D9A104003E49A6 /* README.md in Resources */ = {isa = PBXBuildFile; fileRef = F42E67FE24D9A104003E49A6 /* README.md */; };
		F42E680124D9A57F003E49A6 /* PersistentKey.swift in Sources */ = {isa = PBXBuildFile; fileRef = F42E680024D9A57F003E49A6 /* PersistentKey.swift */; };
		F42E680424D9A5F1003E49A6 /* ETPersistentValue in Frameworks */ = {isa = PBXBuildFile; productRef = F42E680324D9A5F1003E49A6 /* ETPersistentValue */; };
		F42E680624D9A827003E49A6 /* Configuration.swift in Sources */ = {isa = PBXBuildFile; fileRef = F42E680524D9A827003E49A6 /* Configuration.swift */; };
		F42E680924D9B5D7003E49A6 /* LoginCoordinator.swift in Sources */ = {isa = PBXBuildFile; fileRef = F42E680824D9B5D7003E49A6 /* LoginCoordinator.swift */; };
		F42E680B24D9B5EA003E49A6 /* LoginVC.swift in Sources */ = {isa = PBXBuildFile; fileRef = F42E680A24D9B5EA003E49A6 /* LoginVC.swift */; };
		F42E680D24D9B5F7003E49A6 /* LoginVM.swift in Sources */ = {isa = PBXBuildFile; fileRef = F42E680C24D9B5F7003E49A6 /* LoginVM.swift */; };
		F42E680F24D9B614003E49A6 /* LoginDataProvider.swift in Sources */ = {isa = PBXBuildFile; fileRef = F42E680E24D9B614003E49A6 /* LoginDataProvider.swift */; };
		F42E681724D9B7AA003E49A6 /* UserCredentials.swift in Sources */ = {isa = PBXBuildFile; fileRef = F42E681624D9B7AA003E49A6 /* UserCredentials.swift */; };
		F42E681924D9B7FF003E49A6 /* LoginResponse.swift in Sources */ = {isa = PBXBuildFile; fileRef = F42E681824D9B7FF003E49A6 /* LoginResponse.swift */; };
		F42E681B24D9B8BB003E49A6 /* Data.swift in Sources */ = {isa = PBXBuildFile; fileRef = F42E681A24D9B8BB003E49A6 /* Data.swift */; };
		F431037524D952440044F4E4 /* Assets.xcassets in Resources */ = {isa = PBXBuildFile; fileRef = F431037424D952440044F4E4 /* Assets.xcassets */; };
		F431038F24D954400044F4E4 /* AppDelegate.swift in Sources */ = {isa = PBXBuildFile; fileRef = F431038D24D954400044F4E4 /* AppDelegate.swift */; };
		F431039324D954790044F4E4 /* LaunchScreen.storyboard in Resources */ = {isa = PBXBuildFile; fileRef = F431039124D954790044F4E4 /* LaunchScreen.storyboard */; };
		F438B52D24DED0A9009ABBE3 /* ShowDetailCoordinator.swift in Sources */ = {isa = PBXBuildFile; fileRef = F438B52C24DED0A9009ABBE3 /* ShowDetailCoordinator.swift */; };
		F438B53224DED140009ABBE3 /* ShowDetailVC.swift in Sources */ = {isa = PBXBuildFile; fileRef = F438B53124DED140009ABBE3 /* ShowDetailVC.swift */; };
		F438B53424DED1A0009ABBE3 /* ShowDetailVMType.swift in Sources */ = {isa = PBXBuildFile; fileRef = F438B53324DED1A0009ABBE3 /* ShowDetailVMType.swift */; };
		F438B53624DED207009ABBE3 /* ShowDetailVM.swift in Sources */ = {isa = PBXBuildFile; fileRef = F438B53524DED207009ABBE3 /* ShowDetailVM.swift */; };
		F438B53824DED271009ABBE3 /* ShowDetailDataProviderType.swift in Sources */ = {isa = PBXBuildFile; fileRef = F438B53724DED271009ABBE3 /* ShowDetailDataProviderType.swift */; };
		F438B53A24DED27E009ABBE3 /* ShowDetailDataProvider.swift in Sources */ = {isa = PBXBuildFile; fileRef = F438B53924DED27E009ABBE3 /* ShowDetailDataProvider.swift */; };
		F438B53C24DED33E009ABBE3 /* TVShowDetail.swift in Sources */ = {isa = PBXBuildFile; fileRef = F438B53B24DED33E009ABBE3 /* TVShowDetail.swift */; };
		F438B53E24DED3E8009ABBE3 /* TVShowEpisode.swift in Sources */ = {isa = PBXBuildFile; fileRef = F438B53D24DED3E8009ABBE3 /* TVShowEpisode.swift */; };
		F438B54024DED865009ABBE3 /* ShowDetailHeaderView.swift in Sources */ = {isa = PBXBuildFile; fileRef = F438B53F24DED865009ABBE3 /* ShowDetailHeaderView.swift */; };
		F438B54224DEE9D1009ABBE3 /* EpisodeCell.swift in Sources */ = {isa = PBXBuildFile; fileRef = F438B54124DEE9D1009ABBE3 /* EpisodeCell.swift */; };
		F455280F24D9C7EC00F93183 /* AlertConfig.swift in Sources */ = {isa = PBXBuildFile; fileRef = F455280E24D9C7EC00F93183 /* AlertConfig.swift */; };
		F455281124D9CCF600F93183 /* LocalizationKit.swift in Sources */ = {isa = PBXBuildFile; fileRef = F455281024D9CCF600F93183 /* LocalizationKit.swift */; };
		F455281624D9DAD400F93183 /* UIControl+Closure.swift in Sources */ = {isa = PBXBuildFile; fileRef = F455281524D9DAD400F93183 /* UIControl+Closure.swift */; };
		F455281824D9DC0D00F93183 /* DeallocTracker.swift in Sources */ = {isa = PBXBuildFile; fileRef = F455281724D9DC0D00F93183 /* DeallocTracker.swift */; };
		F455281A24D9DEB700F93183 /* PrimaryButton.swift in Sources */ = {isa = PBXBuildFile; fileRef = F455281924D9DEB700F93183 /* PrimaryButton.swift */; };
		F455281C24D9E4D300F93183 /* UnderlinedTextField.swift in Sources */ = {isa = PBXBuildFile; fileRef = F455281B24D9E4D300F93183 /* UnderlinedTextField.swift */; };
		F47651C724DBEFE400E2B73A /* JSONDecoder+Dictionary.swift in Sources */ = {isa = PBXBuildFile; fileRef = F47651C624DBEFE400E2B73A /* JSONDecoder+Dictionary.swift */; };
		F47651CC24DC0D2F00E2B73A /* BaseCoordinator.swift in Sources */ = {isa = PBXBuildFile; fileRef = F47651CB24DC0D2F00E2B73A /* BaseCoordinator.swift */; };
		F47651D124DC1D1200E2B73A /* ShowsListCoordinator.swift in Sources */ = {isa = PBXBuildFile; fileRef = F47651D024DC1D1200E2B73A /* ShowsListCoordinator.swift */; };
		F47651D624DC1DC900E2B73A /* ShowsListVC.swift in Sources */ = {isa = PBXBuildFile; fileRef = F47651D524DC1DC900E2B73A /* ShowsListVC.swift */; };
		F47651DA24DC1F4A00E2B73A /* ShowsListCell.swift in Sources */ = {isa = PBXBuildFile; fileRef = F47651D924DC1F4A00E2B73A /* ShowsListCell.swift */; };
		F47651DC24DC20BA00E2B73A /* ShowsListDataProvider.swift in Sources */ = {isa = PBXBuildFile; fileRef = F47651DB24DC20BA00E2B73A /* ShowsListDataProvider.swift */; };
		F47651E024DC259900E2B73A /* ShowsListHeaderView.swift in Sources */ = {isa = PBXBuildFile; fileRef = F47651DF24DC259900E2B73A /* ShowsListHeaderView.swift */; };
		F47651E324DEB03A00E2B73A /* LoginVMType.swift in Sources */ = {isa = PBXBuildFile; fileRef = F47651E224DEB03A00E2B73A /* LoginVMType.swift */; };
		F47651E524DEB07100E2B73A /* LoginDataProviderType.swift in Sources */ = {isa = PBXBuildFile; fileRef = F47651E424DEB07100E2B73A /* LoginDataProviderType.swift */; };
		F47651E824DEB21600E2B73A /* AlertAction.swift in Sources */ = {isa = PBXBuildFile; fileRef = F47651E724DEB21600E2B73A /* AlertAction.swift */; };
		F4B3040324DEC3540045277F /* ImageKit.swift in Sources */ = {isa = PBXBuildFile; fileRef = F4B3040224DEC3540045277F /* ImageKit.swift */; };
		F4B3040624DEC9800045277F /* TVShow.swift in Sources */ = {isa = PBXBuildFile; fileRef = F4B3040524DEC9800045277F /* TVShow.swift */; };
		F4B3040824DECB740045277F /* ShowsListVMType.swift in Sources */ = {isa = PBXBuildFile; fileRef = F4B3040724DECB740045277F /* ShowsListVMType.swift */; };
		F4B3040A24DECBDC0045277F /* ShowsListDataProviderType.swift in Sources */ = {isa = PBXBuildFile; fileRef = F4B3040924DECBDC0045277F /* ShowsListDataProviderType.swift */; };
		F4B3040B24DECCEA0045277F /* ShowsListVM.swift in Sources */ = {isa = PBXBuildFile; fileRef = F47651D724DC1E8800E2B73A /* ShowsListVM.swift */; };
		F4D7DE1824E1DBDA00F21059 /* EpisodeTableViewHeader.swift in Sources */ = {isa = PBXBuildFile; fileRef = F4D7DE1724E1DBDA00F21059 /* EpisodeTableViewHeader.swift */; };
		F4EB453724E4378900C36CDB /* SceneDelegate.swift in Sources */ = {isa = PBXBuildFile; fileRef = F4EB453624E4378900C36CDB /* SceneDelegate.swift */; };
		F4EB453924E43C2B00C36CDB /* CheckboxButton.swift in Sources */ = {isa = PBXBuildFile; fileRef = F4EB453824E43C2B00C36CDB /* CheckboxButton.swift */; };
		F4EB453D24E4536700C36CDB /* PlaceholderView.swift in Sources */ = {isa = PBXBuildFile; fileRef = F4EB453C24E4536700C36CDB /* PlaceholderView.swift */; };
/* End PBXBuildFile section */

/* Begin PBXFileReference section */
		2D838C27AC5AD1CCBA0455B2 /* Pods-TV Shows.debug.xcconfig */ = {isa = PBXFileReference; includeInIndex = 1; lastKnownFileType = text.xcconfig; name = "Pods-TV Shows.debug.xcconfig"; path = "Target Support Files/Pods-TV Shows/Pods-TV Shows.debug.xcconfig"; sourceTree = "<group>"; };
		E175CC43FB5284D44362BF3C /* Pods_TV_Shows.framework */ = {isa = PBXFileReference; explicitFileType = wrapper.framework; includeInIndex = 0; path = Pods_TV_Shows.framework; sourceTree = BUILT_PRODUCTS_DIR; };
		E974DBC25178E3DAF6FEBE89 /* Pods-TV Shows.release.xcconfig */ = {isa = PBXFileReference; includeInIndex = 1; lastKnownFileType = text.xcconfig; name = "Pods-TV Shows.release.xcconfig"; path = "Target Support Files/Pods-TV Shows/Pods-TV Shows.release.xcconfig"; sourceTree = "<group>"; };
		F42E67E924D96C60003E49A6 /* Endpoint.swift */ = {isa = PBXFileReference; lastKnownFileType = sourcecode.swift; path = Endpoint.swift; sourceTree = "<group>"; };
		F42E67EB24D975CA003E49A6 /* ApiDataProvider.swift */ = {isa = PBXFileReference; lastKnownFileType = sourcecode.swift; path = ApiDataProvider.swift; sourceTree = "<group>"; };
		F42E67EE24D982C8003E49A6 /* Encodable+Dictionary.swift */ = {isa = PBXFileReference; lastKnownFileType = sourcecode.swift; path = "Encodable+Dictionary.swift"; sourceTree = "<group>"; };
		F42E67F124D98353003E49A6 /* ColorKit.swift */ = {isa = PBXFileReference; lastKnownFileType = sourcecode.swift; path = ColorKit.swift; sourceTree = "<group>"; };
		F42E67F324D9835D003E49A6 /* FontKit.swift */ = {isa = PBXFileReference; lastKnownFileType = sourcecode.swift; path = FontKit.swift; sourceTree = "<group>"; };
		F42E67F524D98374003E49A6 /* StyleKit.swift */ = {isa = PBXFileReference; lastKnownFileType = sourcecode.swift; path = StyleKit.swift; sourceTree = "<group>"; };
		F42E67F724D9837E003E49A6 /* Metrics.swift */ = {isa = PBXFileReference; lastKnownFileType = sourcecode.swift; path = Metrics.swift; sourceTree = "<group>"; };
		F42E67F924D98D5F003E49A6 /* UIColor+Hex.swift */ = {isa = PBXFileReference; lastKnownFileType = sourcecode.swift; path = "UIColor+Hex.swift"; sourceTree = "<group>"; };
		F42E67FC24D9A016003E49A6 /* CoordinatorType.swift */ = {isa = PBXFileReference; lastKnownFileType = sourcecode.swift; path = CoordinatorType.swift; sourceTree = "<group>"; };
		F42E67FE24D9A104003E49A6 /* README.md */ = {isa = PBXFileReference; fileEncoding = 4; lastKnownFileType = net.daringfireball.markdown; name = README.md; path = ../README.md; sourceTree = "<group>"; };
		F42E680024D9A57F003E49A6 /* PersistentKey.swift */ = {isa = PBXFileReference; lastKnownFileType = sourcecode.swift; path = PersistentKey.swift; sourceTree = "<group>"; };
		F42E680524D9A827003E49A6 /* Configuration.swift */ = {isa = PBXFileReference; lastKnownFileType = sourcecode.swift; path = Configuration.swift; sourceTree = "<group>"; };
		F42E680824D9B5D7003E49A6 /* LoginCoordinator.swift */ = {isa = PBXFileReference; lastKnownFileType = sourcecode.swift; path = LoginCoordinator.swift; sourceTree = "<group>"; };
		F42E680A24D9B5EA003E49A6 /* LoginVC.swift */ = {isa = PBXFileReference; lastKnownFileType = sourcecode.swift; path = LoginVC.swift; sourceTree = "<group>"; };
		F42E680C24D9B5F7003E49A6 /* LoginVM.swift */ = {isa = PBXFileReference; lastKnownFileType = sourcecode.swift; path = LoginVM.swift; sourceTree = "<group>"; };
		F42E680E24D9B614003E49A6 /* LoginDataProvider.swift */ = {isa = PBXFileReference; lastKnownFileType = sourcecode.swift; path = LoginDataProvider.swift; sourceTree = "<group>"; };
		F42E681624D9B7AA003E49A6 /* UserCredentials.swift */ = {isa = PBXFileReference; lastKnownFileType = sourcecode.swift; path = UserCredentials.swift; sourceTree = "<group>"; };
		F42E681824D9B7FF003E49A6 /* LoginResponse.swift */ = {isa = PBXFileReference; lastKnownFileType = sourcecode.swift; path = LoginResponse.swift; sourceTree = "<group>"; };
		F42E681A24D9B8BB003E49A6 /* Data.swift */ = {isa = PBXFileReference; lastKnownFileType = sourcecode.swift; path = Data.swift; sourceTree = "<group>"; };
		F431036824D952430044F4E4 /* TV Shows.app */ = {isa = PBXFileReference; explicitFileType = wrapper.application; includeInIndex = 0; path = "TV Shows.app"; sourceTree = BUILT_PRODUCTS_DIR; };
		F431037424D952440044F4E4 /* Assets.xcassets */ = {isa = PBXFileReference; lastKnownFileType = folder.assetcatalog; path = Assets.xcassets; sourceTree = "<group>"; };
		F431038D24D954400044F4E4 /* AppDelegate.swift */ = {isa = PBXFileReference; fileEncoding = 4; lastKnownFileType = sourcecode.swift; path = AppDelegate.swift; sourceTree = "<group>"; };
		F431039224D954790044F4E4 /* Base */ = {isa = PBXFileReference; lastKnownFileType = file.storyboard; name = Base; path = app/Resources/Base.lproj/LaunchScreen.storyboard; sourceTree = SOURCE_ROOT; };
		F431039624D955300044F4E4 /* Info.plist */ = {isa = PBXFileReference; fileEncoding = 4; lastKnownFileType = text.plist.xml; path = Info.plist; sourceTree = "<group>"; };
		F438B52C24DED0A9009ABBE3 /* ShowDetailCoordinator.swift */ = {isa = PBXFileReference; lastKnownFileType = sourcecode.swift; path = ShowDetailCoordinator.swift; sourceTree = "<group>"; };
		F438B53124DED140009ABBE3 /* ShowDetailVC.swift */ = {isa = PBXFileReference; lastKnownFileType = sourcecode.swift; path = ShowDetailVC.swift; sourceTree = "<group>"; };
		F438B53324DED1A0009ABBE3 /* ShowDetailVMType.swift */ = {isa = PBXFileReference; lastKnownFileType = sourcecode.swift; path = ShowDetailVMType.swift; sourceTree = "<group>"; };
		F438B53524DED207009ABBE3 /* ShowDetailVM.swift */ = {isa = PBXFileReference; lastKnownFileType = sourcecode.swift; path = ShowDetailVM.swift; sourceTree = "<group>"; };
		F438B53724DED271009ABBE3 /* ShowDetailDataProviderType.swift */ = {isa = PBXFileReference; lastKnownFileType = sourcecode.swift; path = ShowDetailDataProviderType.swift; sourceTree = "<group>"; };
		F438B53924DED27E009ABBE3 /* ShowDetailDataProvider.swift */ = {isa = PBXFileReference; lastKnownFileType = sourcecode.swift; path = ShowDetailDataProvider.swift; sourceTree = "<group>"; };
		F438B53B24DED33E009ABBE3 /* TVShowDetail.swift */ = {isa = PBXFileReference; lastKnownFileType = sourcecode.swift; path = TVShowDetail.swift; sourceTree = "<group>"; };
		F438B53D24DED3E8009ABBE3 /* TVShowEpisode.swift */ = {isa = PBXFileReference; lastKnownFileType = sourcecode.swift; path = TVShowEpisode.swift; sourceTree = "<group>"; };
		F438B53F24DED865009ABBE3 /* ShowDetailHeaderView.swift */ = {isa = PBXFileReference; lastKnownFileType = sourcecode.swift; path = ShowDetailHeaderView.swift; sourceTree = "<group>"; };
		F438B54124DEE9D1009ABBE3 /* EpisodeCell.swift */ = {isa = PBXFileReference; lastKnownFileType = sourcecode.swift; path = EpisodeCell.swift; sourceTree = "<group>"; };
		F455280E24D9C7EC00F93183 /* AlertConfig.swift */ = {isa = PBXFileReference; lastKnownFileType = sourcecode.swift; path = AlertConfig.swift; sourceTree = "<group>"; };
		F455281024D9CCF600F93183 /* LocalizationKit.swift */ = {isa = PBXFileReference; lastKnownFileType = sourcecode.swift; path = LocalizationKit.swift; sourceTree = "<group>"; };
		F455281524D9DAD400F93183 /* UIControl+Closure.swift */ = {isa = PBXFileReference; lastKnownFileType = sourcecode.swift; path = "UIControl+Closure.swift"; sourceTree = "<group>"; };
		F455281724D9DC0D00F93183 /* DeallocTracker.swift */ = {isa = PBXFileReference; lastKnownFileType = sourcecode.swift; path = DeallocTracker.swift; sourceTree = "<group>"; };
		F455281924D9DEB700F93183 /* PrimaryButton.swift */ = {isa = PBXFileReference; lastKnownFileType = sourcecode.swift; path = PrimaryButton.swift; sourceTree = "<group>"; };
		F455281B24D9E4D300F93183 /* UnderlinedTextField.swift */ = {isa = PBXFileReference; lastKnownFileType = sourcecode.swift; path = UnderlinedTextField.swift; sourceTree = "<group>"; };
		F47651C624DBEFE400E2B73A /* JSONDecoder+Dictionary.swift */ = {isa = PBXFileReference; lastKnownFileType = sourcecode.swift; path = "JSONDecoder+Dictionary.swift"; sourceTree = "<group>"; };
		F47651CB24DC0D2F00E2B73A /* BaseCoordinator.swift */ = {isa = PBXFileReference; lastKnownFileType = sourcecode.swift; path = BaseCoordinator.swift; sourceTree = "<group>"; };
		F47651D024DC1D1200E2B73A /* ShowsListCoordinator.swift */ = {isa = PBXFileReference; lastKnownFileType = sourcecode.swift; path = ShowsListCoordinator.swift; sourceTree = "<group>"; };
		F47651D524DC1DC900E2B73A /* ShowsListVC.swift */ = {isa = PBXFileReference; lastKnownFileType = sourcecode.swift; path = ShowsListVC.swift; sourceTree = "<group>"; };
		F47651D724DC1E8800E2B73A /* ShowsListVM.swift */ = {isa = PBXFileReference; lastKnownFileType = sourcecode.swift; path = ShowsListVM.swift; sourceTree = "<group>"; };
		F47651D924DC1F4A00E2B73A /* ShowsListCell.swift */ = {isa = PBXFileReference; lastKnownFileType = sourcecode.swift; path = ShowsListCell.swift; sourceTree = "<group>"; };
		F47651DB24DC20BA00E2B73A /* ShowsListDataProvider.swift */ = {isa = PBXFileReference; lastKnownFileType = sourcecode.swift; path = ShowsListDataProvider.swift; sourceTree = "<group>"; };
		F47651DD24DC211A00E2B73A /* TVShow.swift */ = {isa = PBXFileReference; lastKnownFileType = sourcecode.swift; path = TVShow.swift; sourceTree = "<group>"; };
		F47651DF24DC259900E2B73A /* ShowsListHeaderView.swift */ = {isa = PBXFileReference; lastKnownFileType = sourcecode.swift; path = ShowsListHeaderView.swift; sourceTree = "<group>"; };
		F47651E224DEB03A00E2B73A /* LoginVMType.swift */ = {isa = PBXFileReference; lastKnownFileType = sourcecode.swift; path = LoginVMType.swift; sourceTree = "<group>"; };
		F47651E424DEB07100E2B73A /* LoginDataProviderType.swift */ = {isa = PBXFileReference; lastKnownFileType = sourcecode.swift; path = LoginDataProviderType.swift; sourceTree = "<group>"; };
		F47651E724DEB21600E2B73A /* AlertAction.swift */ = {isa = PBXFileReference; lastKnownFileType = sourcecode.swift; path = AlertAction.swift; sourceTree = "<group>"; };
		F4B3040224DEC3540045277F /* ImageKit.swift */ = {isa = PBXFileReference; lastKnownFileType = sourcecode.swift; path = ImageKit.swift; sourceTree = "<group>"; };
		F4B3040524DEC9800045277F /* TVShow.swift */ = {isa = PBXFileReference; fileEncoding = 4; lastKnownFileType = sourcecode.swift; path = TVShow.swift; sourceTree = "<group>"; };
		F4B3040724DECB740045277F /* ShowsListVMType.swift */ = {isa = PBXFileReference; lastKnownFileType = sourcecode.swift; path = ShowsListVMType.swift; sourceTree = "<group>"; };
		F4B3040924DECBDC0045277F /* ShowsListDataProviderType.swift */ = {isa = PBXFileReference; lastKnownFileType = sourcecode.swift; path = ShowsListDataProviderType.swift; sourceTree = "<group>"; };
		F4D7DE1724E1DBDA00F21059 /* EpisodeTableViewHeader.swift */ = {isa = PBXFileReference; lastKnownFileType = sourcecode.swift; path = EpisodeTableViewHeader.swift; sourceTree = "<group>"; };
		F4EB453624E4378900C36CDB /* SceneDelegate.swift */ = {isa = PBXFileReference; lastKnownFileType = sourcecode.swift; path = SceneDelegate.swift; sourceTree = "<group>"; };
		F4EB453824E43C2B00C36CDB /* CheckboxButton.swift */ = {isa = PBXFileReference; fileEncoding = 4; lastKnownFileType = sourcecode.swift; path = CheckboxButton.swift; sourceTree = "<group>"; };
		F4EB453C24E4536700C36CDB /* PlaceholderView.swift */ = {isa = PBXFileReference; lastKnownFileType = sourcecode.swift; path = PlaceholderView.swift; sourceTree = "<group>"; };
/* End PBXFileReference section */

/* Begin PBXFrameworksBuildPhase section */
		F431036524D952430044F4E4 /* Frameworks */ = {
			isa = PBXFrameworksBuildPhase;
			buildActionMask = 2147483647;
			files = (
				F42E680424D9A5F1003E49A6 /* ETPersistentValue in Frameworks */,
				8C47C6341590225B1EE64745 /* Pods_TV_Shows.framework in Frameworks */,
			);
			runOnlyForDeploymentPostprocessing = 0;
		};
/* End PBXFrameworksBuildPhase section */

/* Begin PBXGroup section */
		A453234B738932428FDDAC90 /* Frameworks */ = {
			isa = PBXGroup;
			children = (
				E175CC43FB5284D44362BF3C /* Pods_TV_Shows.framework */,
			);
			name = Frameworks;
			sourceTree = "<group>";
		};
		EA1A1316AA212BF338701408 /* Pods */ = {
			isa = PBXGroup;
			children = (
				2D838C27AC5AD1CCBA0455B2 /* Pods-TV Shows.debug.xcconfig */,
				E974DBC25178E3DAF6FEBE89 /* Pods-TV Shows.release.xcconfig */,
			);
			path = Pods;
			sourceTree = "<group>";
		};
		F42E67E824D96841003E49A6 /* Data Providers */ = {
			isa = PBXGroup;
			children = (
				F42E680524D9A827003E49A6 /* Configuration.swift */,
				F42E67E924D96C60003E49A6 /* Endpoint.swift */,
				F42E67EB24D975CA003E49A6 /* ApiDataProvider.swift */,
			);
			path = "Data Providers";
			sourceTree = "<group>";
		};
		F42E67ED24D982B6003E49A6 /* Utilities */ = {
			isa = PBXGroup;
			children = (
				F47651E624DEB20700E2B73A /* Alert */,
				F42E67EE24D982C8003E49A6 /* Encodable+Dictionary.swift */,
				F47651C624DBEFE400E2B73A /* JSONDecoder+Dictionary.swift */,
				F42E67F924D98D5F003E49A6 /* UIColor+Hex.swift */,
				F455281524D9DAD400F93183 /* UIControl+Closure.swift */,
				F455281724D9DC0D00F93183 /* DeallocTracker.swift */,
			);
			path = Utilities;
			sourceTree = "<group>";
		};
		F42E67F024D98346003E49A6 /* Kits */ = {
			isa = PBXGroup;
			children = (
				F42E67F524D98374003E49A6 /* StyleKit.swift */,
				F42E67F124D98353003E49A6 /* ColorKit.swift */,
				F42E67F324D9835D003E49A6 /* FontKit.swift */,
				F42E67F724D9837E003E49A6 /* Metrics.swift */,
				F4B3040224DEC3540045277F /* ImageKit.swift */,
				F455281024D9CCF600F93183 /* LocalizationKit.swift */,
			);
			path = Kits;
			sourceTree = "<group>";
		};
		F42E67FB24D9A004003E49A6 /* Coordinators */ = {
			isa = PBXGroup;
			children = (
				F42E67FC24D9A016003E49A6 /* CoordinatorType.swift */,
				F47651CB24DC0D2F00E2B73A /* BaseCoordinator.swift */,
			);
			path = Coordinators;
			sourceTree = "<group>";
		};
		F42E680724D9B5BA003E49A6 /* Login */ = {
			isa = PBXGroup;
			children = (
				F42E680824D9B5D7003E49A6 /* LoginCoordinator.swift */,
				F42E681024D9B618003E49A6 /* View */,
				F42E681124D9B61F003E49A6 /* VM */,
				F42E681224D9B625003E49A6 /* DataProvider */,
			);
			path = Login;
			sourceTree = "<group>";
		};
		F42E681024D9B618003E49A6 /* View */ = {
			isa = PBXGroup;
			children = (
				F42E680A24D9B5EA003E49A6 /* LoginVC.swift */,
			);
			path = View;
			sourceTree = "<group>";
		};
		F42E681124D9B61F003E49A6 /* VM */ = {
			isa = PBXGroup;
			children = (
				F42E680C24D9B5F7003E49A6 /* LoginVM.swift */,
				F47651E224DEB03A00E2B73A /* LoginVMType.swift */,
			);
			path = VM;
			sourceTree = "<group>";
		};
		F42E681224D9B625003E49A6 /* DataProvider */ = {
			isa = PBXGroup;
			children = (
				F42E680E24D9B614003E49A6 /* LoginDataProvider.swift */,
				F47651E424DEB07100E2B73A /* LoginDataProviderType.swift */,
			);
			path = DataProvider;
			sourceTree = "<group>";
		};
		F42E681524D9B79A003E49A6 /* Model */ = {
			isa = PBXGroup;
			children = (
				F42E681624D9B7AA003E49A6 /* UserCredentials.swift */,
				F42E681824D9B7FF003E49A6 /* LoginResponse.swift */,
				F42E681A24D9B8BB003E49A6 /* Data.swift */,
				F4B3040524DEC9800045277F /* TVShow.swift */,
				F438B53B24DED33E009ABBE3 /* TVShowDetail.swift */,
				F438B53D24DED3E8009ABBE3 /* TVShowEpisode.swift */,
			);
			path = Model;
			sourceTree = "<group>";
		};
		F431035F24D952430044F4E4 = {
			isa = PBXGroup;
			children = (
				F42E67FE24D9A104003E49A6 /* README.md */,
				F431036A24D952430044F4E4 /* app */,
				F431036924D952430044F4E4 /* Products */,
				EA1A1316AA212BF338701408 /* Pods */,
				A453234B738932428FDDAC90 /* Frameworks */,
				F4B3040424DEC84A0045277F /* Recovered References */,
			);
			sourceTree = "<group>";
			usesTabs = 1;
		};
		F431036924D952430044F4E4 /* Products */ = {
			isa = PBXGroup;
			children = (
				F431036824D952430044F4E4 /* TV Shows.app */,
			);
			name = Products;
			sourceTree = "<group>";
		};
		F431036A24D952430044F4E4 /* app */ = {
			isa = PBXGroup;
			children = (
				F431038124D953780044F4E4 /* Application */,
				F431038624D953A90044F4E4 /* Modules */,
				F431038224D953840044F4E4 /* Common */,
				F42E67ED24D982B6003E49A6 /* Utilities */,
				F431038424D953900044F4E4 /* Resources */,
				F431038524D953970044F4E4 /* Supporting Files */,
			);
			path = app;
			sourceTree = "<group>";
		};
		F431038124D953780044F4E4 /* Application */ = {
			isa = PBXGroup;
			children = (
				F431038D24D954400044F4E4 /* AppDelegate.swift */,
				F4EB453624E4378900C36CDB /* SceneDelegate.swift */,
			);
			path = Application;
			sourceTree = "<group>";
		};
		F431038224D953840044F4E4 /* Common */ = {
			isa = PBXGroup;
			children = (
				F455281224D9D89F00F93183 /* UI Components */,
				F42E681524D9B79A003E49A6 /* Model */,
				F42E67FB24D9A004003E49A6 /* Coordinators */,
				F42E67F024D98346003E49A6 /* Kits */,
				F42E67E824D96841003E49A6 /* Data Providers */,
				F42E680024D9A57F003E49A6 /* PersistentKey.swift */,
			);
			path = Common;
			sourceTree = "<group>";
		};
		F431038424D953900044F4E4 /* Resources */ = {
			isa = PBXGroup;
			children = (
				F431038724D953D80044F4E4 /* Base.lproj */,
				F431037424D952440044F4E4 /* Assets.xcassets */,
			);
			path = Resources;
			sourceTree = "<group>";
		};
		F431038524D953970044F4E4 /* Supporting Files */ = {
			isa = PBXGroup;
			children = (
				F431039624D955300044F4E4 /* Info.plist */,
			);
			path = "Supporting Files";
			sourceTree = "<group>";
		};
		F431038624D953A90044F4E4 /* Modules */ = {
			isa = PBXGroup;
			children = (
				F47651CD24DC1CC700E2B73A /* ShowsList */,
				F438B52B24DED08C009ABBE3 /* ShowDetail */,
				F42E680724D9B5BA003E49A6 /* Login */,
			);
			path = Modules;
			sourceTree = "<group>";
		};
		F431038724D953D80044F4E4 /* Base.lproj */ = {
			isa = PBXGroup;
			children = (
				F431039124D954790044F4E4 /* LaunchScreen.storyboard */,
			);
			name = Base.lproj;
			path = app/Base.lproj;
			sourceTree = SOURCE_ROOT;
		};
		F438B52B24DED08C009ABBE3 /* ShowDetail */ = {
			isa = PBXGroup;
			children = (
				F438B52C24DED0A9009ABBE3 /* ShowDetailCoordinator.swift */,
				F438B52E24DED0E7009ABBE3 /* View */,
				F438B52F24DED0EC009ABBE3 /* VM */,
				F438B53024DED114009ABBE3 /* DataProvider */,
			);
			path = ShowDetail;
			sourceTree = "<group>";
		};
		F438B52E24DED0E7009ABBE3 /* View */ = {
			isa = PBXGroup;
			children = (
				F438B53124DED140009ABBE3 /* ShowDetailVC.swift */,
				F438B53F24DED865009ABBE3 /* ShowDetailHeaderView.swift */,
				F438B54124DEE9D1009ABBE3 /* EpisodeCell.swift */,
				F4D7DE1724E1DBDA00F21059 /* EpisodeTableViewHeader.swift */,
			);
			path = View;
			sourceTree = "<group>";
		};
		F438B52F24DED0EC009ABBE3 /* VM */ = {
			isa = PBXGroup;
			children = (
				F438B53324DED1A0009ABBE3 /* ShowDetailVMType.swift */,
				F438B53524DED207009ABBE3 /* ShowDetailVM.swift */,
			);
			path = VM;
			sourceTree = "<group>";
		};
		F438B53024DED114009ABBE3 /* DataProvider */ = {
			isa = PBXGroup;
			children = (
				F438B53724DED271009ABBE3 /* ShowDetailDataProviderType.swift */,
				F438B53924DED27E009ABBE3 /* ShowDetailDataProvider.swift */,
			);
			path = DataProvider;
			sourceTree = "<group>";
		};
		F455281224D9D89F00F93183 /* UI Components */ = {
			isa = PBXGroup;
			children = (
				F4EB453824E43C2B00C36CDB /* CheckboxButton.swift */,
				F455281924D9DEB700F93183 /* PrimaryButton.swift */,
				F455281B24D9E4D300F93183 /* UnderlinedTextField.swift */,
				F4EB453C24E4536700C36CDB /* PlaceholderView.swift */,
			);
			path = "UI Components";
			sourceTree = "<group>";
		};
		F47651CD24DC1CC700E2B73A /* ShowsList */ = {
			isa = PBXGroup;
			children = (
				F47651D024DC1D1200E2B73A /* ShowsListCoordinator.swift */,
				F47651D224DC1D5A00E2B73A /* View */,
				F47651D324DC1D6000E2B73A /* VM */,
				F47651D424DC1D6500E2B73A /* DataProvider */,
			);
			path = ShowsList;
			sourceTree = "<group>";
		};
		F47651D224DC1D5A00E2B73A /* View */ = {
			isa = PBXGroup;
			children = (
				F47651D524DC1DC900E2B73A /* ShowsListVC.swift */,
				F47651D924DC1F4A00E2B73A /* ShowsListCell.swift */,
				F47651DF24DC259900E2B73A /* ShowsListHeaderView.swift */,
			);
			path = View;
			sourceTree = "<group>";
		};
		F47651D324DC1D6000E2B73A /* VM */ = {
			isa = PBXGroup;
			children = (
				F47651D724DC1E8800E2B73A /* ShowsListVM.swift */,
				F4B3040724DECB740045277F /* ShowsListVMType.swift */,
			);
			path = VM;
			sourceTree = "<group>";
		};
		F47651D424DC1D6500E2B73A /* DataProvider */ = {
			isa = PBXGroup;
			children = (
				F47651DB24DC20BA00E2B73A /* ShowsListDataProvider.swift */,
				F4B3040924DECBDC0045277F /* ShowsListDataProviderType.swift */,
			);
			path = DataProvider;
			sourceTree = "<group>";
		};
		F47651E624DEB20700E2B73A /* Alert */ = {
			isa = PBXGroup;
			children = (
				F47651E724DEB21600E2B73A /* AlertAction.swift */,
				F455280E24D9C7EC00F93183 /* AlertConfig.swift */,
			);
			path = Alert;
			sourceTree = "<group>";
		};
		F4B3040424DEC84A0045277F /* Recovered References */ = {
			isa = PBXGroup;
			children = (
				F47651DD24DC211A00E2B73A /* TVShow.swift */,
			);
			name = "Recovered References";
			sourceTree = "<group>";
		};
/* End PBXGroup section */

/* Begin PBXNativeTarget section */
		F431036724D952430044F4E4 /* TV Shows */ = {
			isa = PBXNativeTarget;
			buildConfigurationList = F431037C24D952440044F4E4 /* Build configuration list for PBXNativeTarget "TV Shows" */;
			buildPhases = (
				1DE9D9E39980F26393C8FE16 /* [CP] Check Pods Manifest.lock */,
				F431036424D952430044F4E4 /* Sources */,
				F431036524D952430044F4E4 /* Frameworks */,
				F431036624D952430044F4E4 /* Resources */,
				95AFDF1F8DFA2A8CE542C455 /* [CP] Embed Pods Frameworks */,
				F42E67E724D95AFE003E49A6 /* SwiftLint */,
			);
			buildRules = (
			);
			dependencies = (
			);
			name = "TV Shows";
			packageProductDependencies = (
				F42E680324D9A5F1003E49A6 /* ETPersistentValue */,
			);
			productName = "TV Shows";
			productReference = F431036824D952430044F4E4 /* TV Shows.app */;
			productType = "com.apple.product-type.application";
		};
/* End PBXNativeTarget section */

/* Begin PBXProject section */
		F431036024D952430044F4E4 /* Project object */ = {
			isa = PBXProject;
			attributes = {
				LastSwiftUpdateCheck = 1120;
				LastUpgradeCheck = 1120;
				ORGANIZATIONNAME = "Dorota Piačeková";
				TargetAttributes = {
					F431036724D952430044F4E4 = {
						CreatedOnToolsVersion = 11.2.1;
						LastSwiftMigration = 1120;
					};
				};
			};
			buildConfigurationList = F431036324D952430044F4E4 /* Build configuration list for PBXProject "TV Shows" */;
			compatibilityVersion = "Xcode 9.3";
			developmentRegion = en;
			hasScannedForEncodings = 0;
			knownRegions = (
				en,
				Base,
			);
			mainGroup = F431035F24D952430044F4E4;
			packageReferences = (
				F42E680224D9A5F1003E49A6 /* XCRemoteSwiftPackageReference "ETPersistentValue" */,
			);
			productRefGroup = F431036924D952430044F4E4 /* Products */;
			projectDirPath = "";
			projectRoot = "";
			targets = (
				F431036724D952430044F4E4 /* TV Shows */,
			);
		};
/* End PBXProject section */

/* Begin PBXResourcesBuildPhase section */
		F431036624D952430044F4E4 /* Resources */ = {
			isa = PBXResourcesBuildPhase;
			buildActionMask = 2147483647;
			files = (
				F42E67FF24D9A104003E49A6 /* README.md in Resources */,
				F431037524D952440044F4E4 /* Assets.xcassets in Resources */,
				F431039324D954790044F4E4 /* LaunchScreen.storyboard in Resources */,
			);
			runOnlyForDeploymentPostprocessing = 0;
		};
/* End PBXResourcesBuildPhase section */

/* Begin PBXShellScriptBuildPhase section */
		1DE9D9E39980F26393C8FE16 /* [CP] Check Pods Manifest.lock */ = {
			isa = PBXShellScriptBuildPhase;
			buildActionMask = 2147483647;
			files = (
			);
			inputFileListPaths = (
			);
			inputPaths = (
				"${PODS_PODFILE_DIR_PATH}/Podfile.lock",
				"${PODS_ROOT}/Manifest.lock",
			);
			name = "[CP] Check Pods Manifest.lock";
			outputFileListPaths = (
			);
			outputPaths = (
				"$(DERIVED_FILE_DIR)/Pods-TV Shows-checkManifestLockResult.txt",
			);
			runOnlyForDeploymentPostprocessing = 0;
			shellPath = /bin/sh;
			shellScript = "diff \"${PODS_PODFILE_DIR_PATH}/Podfile.lock\" \"${PODS_ROOT}/Manifest.lock\" > /dev/null\nif [ $? != 0 ] ; then\n    # print error to STDERR\n    echo \"error: The sandbox is not in sync with the Podfile.lock. Run 'pod install' or update your CocoaPods installation.\" >&2\n    exit 1\nfi\n# This output is used by Xcode 'outputs' to avoid re-running this script phase.\necho \"SUCCESS\" > \"${SCRIPT_OUTPUT_FILE_0}\"\n";
			showEnvVarsInLog = 0;
		};
		95AFDF1F8DFA2A8CE542C455 /* [CP] Embed Pods Frameworks */ = {
			isa = PBXShellScriptBuildPhase;
			buildActionMask = 2147483647;
			files = (
			);
			inputFileListPaths = (
				"${PODS_ROOT}/Target Support Files/Pods-TV Shows/Pods-TV Shows-frameworks-${CONFIGURATION}-input-files.xcfilelist",
			);
			name = "[CP] Embed Pods Frameworks";
			outputFileListPaths = (
				"${PODS_ROOT}/Target Support Files/Pods-TV Shows/Pods-TV Shows-frameworks-${CONFIGURATION}-output-files.xcfilelist",
			);
			runOnlyForDeploymentPostprocessing = 0;
			shellPath = /bin/sh;
			shellScript = "\"${PODS_ROOT}/Target Support Files/Pods-TV Shows/Pods-TV Shows-frameworks.sh\"\n";
			showEnvVarsInLog = 0;
		};
		F42E67E724D95AFE003E49A6 /* SwiftLint */ = {
			isa = PBXShellScriptBuildPhase;
			buildActionMask = 2147483647;
			files = (
			);
			inputFileListPaths = (
			);
			inputPaths = (
			);
			name = SwiftLint;
			outputFileListPaths = (
			);
			outputPaths = (
			);
			runOnlyForDeploymentPostprocessing = 0;
			shellPath = /bin/sh;
			shellScript = "${PODS_ROOT}/SwiftLint/swiftlint\n";
		};
/* End PBXShellScriptBuildPhase section */

/* Begin PBXSourcesBuildPhase section */
		F431036424D952430044F4E4 /* Sources */ = {
			isa = PBXSourcesBuildPhase;
			buildActionMask = 2147483647;
			files = (
				F42E680F24D9B614003E49A6 /* LoginDataProvider.swift in Sources */,
				F438B53E24DED3E8009ABBE3 /* TVShowEpisode.swift in Sources */,
				F4B3040B24DECCEA0045277F /* ShowsListVM.swift in Sources */,
				F438B54024DED865009ABBE3 /* ShowDetailHeaderView.swift in Sources */,
				F42E680B24D9B5EA003E49A6 /* LoginVC.swift in Sources */,
				F47651E824DEB21600E2B73A /* AlertAction.swift in Sources */,
				F438B53A24DED27E009ABBE3 /* ShowDetailDataProvider.swift in Sources */,
				F4B3040824DECB740045277F /* ShowsListVMType.swift in Sources */,
				F4D7DE1824E1DBDA00F21059 /* EpisodeTableViewHeader.swift in Sources */,
				F438B53224DED140009ABBE3 /* ShowDetailVC.swift in Sources */,
				F431038F24D954400044F4E4 /* AppDelegate.swift in Sources */,
				F455281C24D9E4D300F93183 /* UnderlinedTextField.swift in Sources */,
				F47651D124DC1D1200E2B73A /* ShowsListCoordinator.swift in Sources */,
				F438B53624DED207009ABBE3 /* ShowDetailVM.swift in Sources */,
				F438B53C24DED33E009ABBE3 /* TVShowDetail.swift in Sources */,
				F42E67EA24D96C60003E49A6 /* Endpoint.swift in Sources */,
				F438B53824DED271009ABBE3 /* ShowDetailDataProviderType.swift in Sources */,
				F438B54224DEE9D1009ABBE3 /* EpisodeCell.swift in Sources */,
				F47651C724DBEFE400E2B73A /* JSONDecoder+Dictionary.swift in Sources */,
				F455281124D9CCF600F93183 /* LocalizationKit.swift in Sources */,
				F42E681724D9B7AA003E49A6 /* UserCredentials.swift in Sources */,
				F438B52D24DED0A9009ABBE3 /* ShowDetailCoordinator.swift in Sources */,
				F42E681924D9B7FF003E49A6 /* LoginResponse.swift in Sources */,
				F42E67FD24D9A016003E49A6 /* CoordinatorType.swift in Sources */,
				F42E67F624D98374003E49A6 /* StyleKit.swift in Sources */,
				F47651D624DC1DC900E2B73A /* ShowsListVC.swift in Sources */,
				F42E680924D9B5D7003E49A6 /* LoginCoordinator.swift in Sources */,
				F42E67F424D9835D003E49A6 /* FontKit.swift in Sources */,
				F47651E024DC259900E2B73A /* ShowsListHeaderView.swift in Sources */,
				F47651CC24DC0D2F00E2B73A /* BaseCoordinator.swift in Sources */,
				F4B3040624DEC9800045277F /* TVShow.swift in Sources */,
				F42E681B24D9B8BB003E49A6 /* Data.swift in Sources */,
				F4EB453924E43C2B00C36CDB /* CheckboxButton.swift in Sources */,
				F455281824D9DC0D00F93183 /* DeallocTracker.swift in Sources */,
				F455280F24D9C7EC00F93183 /* AlertConfig.swift in Sources */,
				F42E67F824D9837E003E49A6 /* Metrics.swift in Sources */,
				F42E680D24D9B5F7003E49A6 /* LoginVM.swift in Sources */,
				F4B3040324DEC3540045277F /* ImageKit.swift in Sources */,
				F42E680624D9A827003E49A6 /* Configuration.swift in Sources */,
				F455281A24D9DEB700F93183 /* PrimaryButton.swift in Sources */,
				F47651E524DEB07100E2B73A /* LoginDataProviderType.swift in Sources */,
				F455281624D9DAD400F93183 /* UIControl+Closure.swift in Sources */,
				F47651DC24DC20BA00E2B73A /* ShowsListDataProvider.swift in Sources */,
				F42E67EF24D982C8003E49A6 /* Encodable+Dictionary.swift in Sources */,
				F4B3040A24DECBDC0045277F /* ShowsListDataProviderType.swift in Sources */,
				F42E67F224D98353003E49A6 /* ColorKit.swift in Sources */,
				F42E67EC24D975CA003E49A6 /* ApiDataProvider.swift in Sources */,
				F47651DA24DC1F4A00E2B73A /* ShowsListCell.swift in Sources */,
				F4EB453724E4378900C36CDB /* SceneDelegate.swift in Sources */,
				F42E67FA24D98D5F003E49A6 /* UIColor+Hex.swift in Sources */,
				F438B53424DED1A0009ABBE3 /* ShowDetailVMType.swift in Sources */,
				F47651E324DEB03A00E2B73A /* LoginVMType.swift in Sources */,
				F4EB453D24E4536700C36CDB /* PlaceholderView.swift in Sources */,
				F42E680124D9A57F003E49A6 /* PersistentKey.swift in Sources */,
			);
			runOnlyForDeploymentPostprocessing = 0;
		};
/* End PBXSourcesBuildPhase section */

/* Begin PBXVariantGroup section */
		F431039124D954790044F4E4 /* LaunchScreen.storyboard */ = {
			isa = PBXVariantGroup;
			children = (
				F431039224D954790044F4E4 /* Base */,
			);
			name = LaunchScreen.storyboard;
			sourceTree = "<group>";
		};
/* End PBXVariantGroup section */

/* Begin XCBuildConfiguration section */
		F431037A24D952440044F4E4 /* Debug */ = {
			isa = XCBuildConfiguration;
			buildSettings = {
				ALWAYS_SEARCH_USER_PATHS = NO;
				CLANG_ANALYZER_NONNULL = YES;
				CLANG_ANALYZER_NUMBER_OBJECT_CONVERSION = YES_AGGRESSIVE;
				CLANG_CXX_LANGUAGE_STANDARD = "gnu++14";
				CLANG_CXX_LIBRARY = "libc++";
				CLANG_ENABLE_MODULES = YES;
				CLANG_ENABLE_OBJC_ARC = YES;
				CLANG_ENABLE_OBJC_WEAK = YES;
				CLANG_WARN_BLOCK_CAPTURE_AUTORELEASING = YES;
				CLANG_WARN_BOOL_CONVERSION = YES;
				CLANG_WARN_COMMA = YES;
				CLANG_WARN_CONSTANT_CONVERSION = YES;
				CLANG_WARN_DEPRECATED_OBJC_IMPLEMENTATIONS = YES;
				CLANG_WARN_DIRECT_OBJC_ISA_USAGE = YES_ERROR;
				CLANG_WARN_DOCUMENTATION_COMMENTS = YES;
				CLANG_WARN_EMPTY_BODY = YES;
				CLANG_WARN_ENUM_CONVERSION = YES;
				CLANG_WARN_INFINITE_RECURSION = YES;
				CLANG_WARN_INT_CONVERSION = YES;
				CLANG_WARN_NON_LITERAL_NULL_CONVERSION = YES;
				CLANG_WARN_OBJC_IMPLICIT_RETAIN_SELF = YES;
				CLANG_WARN_OBJC_LITERAL_CONVERSION = YES;
				CLANG_WARN_OBJC_ROOT_CLASS = YES_ERROR;
				CLANG_WARN_RANGE_LOOP_ANALYSIS = YES;
				CLANG_WARN_STRICT_PROTOTYPES = YES;
				CLANG_WARN_SUSPICIOUS_MOVE = YES;
				CLANG_WARN_UNGUARDED_AVAILABILITY = YES_AGGRESSIVE;
				CLANG_WARN_UNREACHABLE_CODE = YES;
				CLANG_WARN__DUPLICATE_METHOD_MATCH = YES;
				COPY_PHASE_STRIP = NO;
				DEBUG_INFORMATION_FORMAT = dwarf;
				ENABLE_STRICT_OBJC_MSGSEND = YES;
				ENABLE_TESTABILITY = YES;
				GCC_C_LANGUAGE_STANDARD = gnu11;
				GCC_DYNAMIC_NO_PIC = NO;
				GCC_NO_COMMON_BLOCKS = YES;
				GCC_OPTIMIZATION_LEVEL = 0;
				GCC_PREPROCESSOR_DEFINITIONS = (
					"DEBUG=1",
					"$(inherited)",
				);
				GCC_WARN_64_TO_32_BIT_CONVERSION = YES;
				GCC_WARN_ABOUT_RETURN_TYPE = YES_ERROR;
				GCC_WARN_UNDECLARED_SELECTOR = YES;
				GCC_WARN_UNINITIALIZED_AUTOS = YES_AGGRESSIVE;
				GCC_WARN_UNUSED_FUNCTION = YES;
				GCC_WARN_UNUSED_VARIABLE = YES;
				IPHONEOS_DEPLOYMENT_TARGET = 13.2;
				MTL_ENABLE_DEBUG_INFO = INCLUDE_SOURCE;
				MTL_FAST_MATH = YES;
				ONLY_ACTIVE_ARCH = YES;
				SDKROOT = iphoneos;
				SWIFT_ACTIVE_COMPILATION_CONDITIONS = DEBUG;
				SWIFT_OPTIMIZATION_LEVEL = "-Onone";
			};
			name = Debug;
		};
		F431037B24D952440044F4E4 /* Release */ = {
			isa = XCBuildConfiguration;
			buildSettings = {
				ALWAYS_SEARCH_USER_PATHS = NO;
				CLANG_ANALYZER_NONNULL = YES;
				CLANG_ANALYZER_NUMBER_OBJECT_CONVERSION = YES_AGGRESSIVE;
				CLANG_CXX_LANGUAGE_STANDARD = "gnu++14";
				CLANG_CXX_LIBRARY = "libc++";
				CLANG_ENABLE_MODULES = YES;
				CLANG_ENABLE_OBJC_ARC = YES;
				CLANG_ENABLE_OBJC_WEAK = YES;
				CLANG_WARN_BLOCK_CAPTURE_AUTORELEASING = YES;
				CLANG_WARN_BOOL_CONVERSION = YES;
				CLANG_WARN_COMMA = YES;
				CLANG_WARN_CONSTANT_CONVERSION = YES;
				CLANG_WARN_DEPRECATED_OBJC_IMPLEMENTATIONS = YES;
				CLANG_WARN_DIRECT_OBJC_ISA_USAGE = YES_ERROR;
				CLANG_WARN_DOCUMENTATION_COMMENTS = YES;
				CLANG_WARN_EMPTY_BODY = YES;
				CLANG_WARN_ENUM_CONVERSION = YES;
				CLANG_WARN_INFINITE_RECURSION = YES;
				CLANG_WARN_INT_CONVERSION = YES;
				CLANG_WARN_NON_LITERAL_NULL_CONVERSION = YES;
				CLANG_WARN_OBJC_IMPLICIT_RETAIN_SELF = YES;
				CLANG_WARN_OBJC_LITERAL_CONVERSION = YES;
				CLANG_WARN_OBJC_ROOT_CLASS = YES_ERROR;
				CLANG_WARN_RANGE_LOOP_ANALYSIS = YES;
				CLANG_WARN_STRICT_PROTOTYPES = YES;
				CLANG_WARN_SUSPICIOUS_MOVE = YES;
				CLANG_WARN_UNGUARDED_AVAILABILITY = YES_AGGRESSIVE;
				CLANG_WARN_UNREACHABLE_CODE = YES;
				CLANG_WARN__DUPLICATE_METHOD_MATCH = YES;
				COPY_PHASE_STRIP = NO;
				DEBUG_INFORMATION_FORMAT = "dwarf-with-dsym";
				ENABLE_NS_ASSERTIONS = NO;
				ENABLE_STRICT_OBJC_MSGSEND = YES;
				GCC_C_LANGUAGE_STANDARD = gnu11;
				GCC_NO_COMMON_BLOCKS = YES;
				GCC_WARN_64_TO_32_BIT_CONVERSION = YES;
				GCC_WARN_ABOUT_RETURN_TYPE = YES_ERROR;
				GCC_WARN_UNDECLARED_SELECTOR = YES;
				GCC_WARN_UNINITIALIZED_AUTOS = YES_AGGRESSIVE;
				GCC_WARN_UNUSED_FUNCTION = YES;
				GCC_WARN_UNUSED_VARIABLE = YES;
				IPHONEOS_DEPLOYMENT_TARGET = 13.2;
				MTL_ENABLE_DEBUG_INFO = NO;
				MTL_FAST_MATH = YES;
				SDKROOT = iphoneos;
				SWIFT_COMPILATION_MODE = wholemodule;
				SWIFT_OPTIMIZATION_LEVEL = "-O";
				VALIDATE_PRODUCT = YES;
			};
			name = Release;
		};
		F431037D24D952440044F4E4 /* Debug */ = {
			isa = XCBuildConfiguration;
			baseConfigurationReference = 2D838C27AC5AD1CCBA0455B2 /* Pods-TV Shows.debug.xcconfig */;
			buildSettings = {
				ASSETCATALOG_COMPILER_APPICON_NAME = AppIcon;
				CLANG_ENABLE_MODULES = YES;
				CODE_SIGN_STYLE = Automatic;
				CURRENT_PROJECT_VERSION = 1;
				DEVELOPMENT_TEAM = F5P7JRKJ8L;
				INFOPLIST_FILE = "$(SRCROOT)/app/Supporting Files/Info.plist";
				IPHONEOS_DEPLOYMENT_TARGET = 12.4;
				LD_RUNPATH_SEARCH_PATHS = (
					"$(inherited)",
					"@executable_path/Frameworks",
				);
				MARKETING_VERSION = 1.0.0;
				PRODUCT_BUNDLE_IDENTIFIER = "com.dorotapiacek.TV-Shows";
				PRODUCT_NAME = "$(TARGET_NAME)";
				SWIFT_OPTIMIZATION_LEVEL = "-Onone";
				SWIFT_VERSION = 5.0;
				TARGETED_DEVICE_FAMILY = 1;
			};
			name = Debug;
		};
		F431037E24D952440044F4E4 /* Release */ = {
			isa = XCBuildConfiguration;
			baseConfigurationReference = E974DBC25178E3DAF6FEBE89 /* Pods-TV Shows.release.xcconfig */;
			buildSettings = {
				ASSETCATALOG_COMPILER_APPICON_NAME = AppIcon;
				CLANG_ENABLE_MODULES = YES;
				CODE_SIGN_STYLE = Automatic;
				CURRENT_PROJECT_VERSION = 1;
				DEVELOPMENT_TEAM = F5P7JRKJ8L;
				INFOPLIST_FILE = "$(SRCROOT)/app/Supporting Files/Info.plist";
				IPHONEOS_DEPLOYMENT_TARGET = 12.4;
				LD_RUNPATH_SEARCH_PATHS = (
					"$(inherited)",
					"@executable_path/Frameworks",
				);
				MARKETING_VERSION = 1.0.0;
				PRODUCT_BUNDLE_IDENTIFIER = "com.dorotapiacek.TV-Shows";
				PRODUCT_NAME = "$(TARGET_NAME)";
				SWIFT_VERSION = 5.0;
				TARGETED_DEVICE_FAMILY = 1;
			};
			name = Release;
		};
/* End XCBuildConfiguration section */

/* Begin XCConfigurationList section */
		F431036324D952430044F4E4 /* Build configuration list for PBXProject "TV Shows" */ = {
			isa = XCConfigurationList;
			buildConfigurations = (
				F431037A24D952440044F4E4 /* Debug */,
				F431037B24D952440044F4E4 /* Release */,
			);
			defaultConfigurationIsVisible = 0;
			defaultConfigurationName = Release;
		};
		F431037C24D952440044F4E4 /* Build configuration list for PBXNativeTarget "TV Shows" */ = {
			isa = XCConfigurationList;
			buildConfigurations = (
				F431037D24D952440044F4E4 /* Debug */,
				F431037E24D952440044F4E4 /* Release */,
			);
			defaultConfigurationIsVisible = 0;
			defaultConfigurationName = Release;
		};
/* End XCConfigurationList section */

/* Begin XCRemoteSwiftPackageReference section */
		F42E680224D9A5F1003E49A6 /* XCRemoteSwiftPackageReference "ETPersistentValue" */ = {
			isa = XCRemoteSwiftPackageReference;
			repositoryURL = "https://github.com/EtneteraMobile/ETPersistentValue";
			requirement = {
				kind = upToNextMajorVersion;
				minimumVersion = 1.6.0;
			};
		};
/* End XCRemoteSwiftPackageReference section */

/* Begin XCSwiftPackageProductDependency section */
		F42E680324D9A5F1003E49A6 /* ETPersistentValue */ = {
			isa = XCSwiftPackageProductDependency;
			package = F42E680224D9A5F1003E49A6 /* XCRemoteSwiftPackageReference "ETPersistentValue" */;
			productName = ETPersistentValue;
		};
/* End XCSwiftPackageProductDependency section */
	};
	rootObject = F431036024D952430044F4E4 /* Project object */;
}
